
Microsoft Visual Studio Solution File, Format Version 12.00
# Visual Studio 15
VisualStudioVersion = 15.0.27428.1
MinimumVisualStudioVersion = 10.0.40219.1
Project("{FAE04EC0-301F-11D3-BF4B-00C04F79EFBC}") = "ToDoList", "ToDoList\ToDoList.csproj", "{879C0DBD-2595-4E9F-92FA-71F6DCB25E12}"
EndProject
Project("{FAE04EC0-301F-11D3-BF4B-00C04F79EFBC}") = "ToDoList.Tests", "ToDoList.Tests\ToDoList.Tests.csproj", "{95B84FB7-D1AD-4E19-8524-452207028E8E}"
EndProject
Project("{FAE04EC0-301F-11D3-BF4B-00C04F79EFBC}") = "ToDoList.Model", "ToDoList.Model\ToDoList.Model.csproj", "{3CC2918B-51C8-4CFE-B388-7CEC34E89CA2}"
EndProject
Project("{FAE04EC0-301F-11D3-BF4B-00C04F79EFBC}") = "ToDoList.Data", "ToDoList.Data\ToDoList.Data.csproj", "{4B50A63A-8BEA-4D2C-AC9F-83FBBE8251B2}"
EndProject
Project("{FAE04EC0-301F-11D3-BF4B-00C04F79EFBC}") = "ToDoList.DataAccessLayer", "ToDoList.DataAccessLayer\ToDoList.DataAccessLayer.csproj", "{D36FB465-3820-4BA6-B329-715305E7C384}"
EndProject
Global
	GlobalSection(SolutionConfigurationPlatforms) = preSolution
		Debug|Any CPU = Debug|Any CPU
		Release|Any CPU = Release|Any CPU
	EndGlobalSection
	GlobalSection(ProjectConfigurationPlatforms) = postSolution
		{879C0DBD-2595-4E9F-92FA-71F6DCB25E12}.Debug|Any CPU.ActiveCfg = Debug|Any CPU
		{879C0DBD-2595-4E9F-92FA-71F6DCB25E12}.Debug|Any CPU.Build.0 = Debug|Any CPU
		{879C0DBD-2595-4E9F-92FA-71F6DCB25E12}.Release|Any CPU.ActiveCfg = Release|Any CPU
		{879C0DBD-2595-4E9F-92FA-71F6DCB25E12}.Release|Any CPU.Build.0 = Release|Any CPU
		{95B84FB7-D1AD-4E19-8524-452207028E8E}.Debug|Any CPU.ActiveCfg = Debug|Any CPU
		{95B84FB7-D1AD-4E19-8524-452207028E8E}.Debug|Any CPU.Build.0 = Debug|Any CPU
		{95B84FB7-D1AD-4E19-8524-452207028E8E}.Release|Any CPU.ActiveCfg = Release|Any CPU
		{95B84FB7-D1AD-4E19-8524-452207028E8E}.Release|Any CPU.Build.0 = Release|Any CPU
		{3CC2918B-51C8-4CFE-B388-7CEC34E89CA2}.Debug|Any CPU.ActiveCfg = Debug|Any CPU
		{3CC2918B-51C8-4CFE-B388-7CEC34E89CA2}.Debug|Any CPU.Build.0 = Debug|Any CPU
		{3CC2918B-51C8-4CFE-B388-7CEC34E89CA2}.Release|Any CPU.ActiveCfg = Release|Any CPU
		{3CC2918B-51C8-4CFE-B388-7CEC34E89CA2}.Release|Any CPU.Build.0 = Release|Any CPU
		{4B50A63A-8BEA-4D2C-AC9F-83FBBE8251B2}.Debug|Any CPU.ActiveCfg = Debug|Any CPU
		{4B50A63A-8BEA-4D2C-AC9F-83FBBE8251B2}.Debug|Any CPU.Build.0 = Debug|Any CPU
		{4B50A63A-8BEA-4D2C-AC9F-83FBBE8251B2}.Release|Any CPU.ActiveCfg = Release|Any CPU
		{4B50A63A-8BEA-4D2C-AC9F-83FBBE8251B2}.Release|Any CPU.Build.0 = Release|Any CPU
		{D36FB465-3820-4BA6-B329-715305E7C384}.Debug|Any CPU.ActiveCfg = Debug|Any CPU
		{D36FB465-3820-4BA6-B329-715305E7C384}.Debug|Any CPU.Build.0 = Debug|Any CPU
		{D36FB465-3820-4BA6-B329-715305E7C384}.Release|Any CPU.ActiveCfg = Release|Any CPU
		{D36FB465-3820-4BA6-B329-715305E7C384}.Release|Any CPU.Build.0 = Release|Any CPU
	EndGlobalSection
	GlobalSection(SolutionProperties) = preSolution
		HideSolutionNode = FALSE
	EndGlobalSection
	GlobalSection(ExtensibilityGlobals) = postSolution
		SolutionGuid = {49B23C31-9336-4B38-8E7B-71AC95F631C7}
	EndGlobalSection
EndGlobal
